[[package]]
category = "main"
description = "asyncio (PEP 3156) Redis support"
name = "aioredis"
optional = false
python-versions = "*"
version = "1.3.0"

[package.dependencies]
async-timeout = "*"
hiredis = "*"

[[package]]
category = "main"
description = "Timeout context manager for asyncio programs"
name = "async-timeout"
optional = false
python-versions = ">=3.5.3"
version = "3.0.1"

[[package]]
category = "dev"
description = "Enhance the standard unittest package with features for testing asyncio libraries"
name = "asynctest"
optional = false
python-versions = ">=3.5"
version = "0.13.0"

[[package]]
category = "dev"
description = "Atomic file writes."
name = "atomicwrites"
optional = false
python-versions = ">=2.7, !=3.0.*, !=3.1.*, !=3.2.*, !=3.3.*"
version = "1.3.0"

[[package]]
category = "dev"
description = "Classes Without Boilerplate"
name = "attrs"
optional = false
python-versions = ">=2.7, !=3.0.*, !=3.1.*, !=3.2.*, !=3.3.*"
version = "19.3.0"

[[package]]
category = "dev"
description = "Cross-platform colored terminal text."
marker = "sys_platform == \"win32\""
name = "colorama"
optional = false
python-versions = ">=2.7, !=3.0.*, !=3.1.*, !=3.2.*, !=3.3.*"
version = "0.4.1"

[[package]]
category = "main"
description = "Python wrapper for hiredis"
name = "hiredis"
optional = false
python-versions = ">=2.7, !=3.0.*, !=3.1.*, !=3.2.*, !=3.3.*"
version = "1.0.1"

[[package]]
category = "dev"
description = "Read metadata from Python packages"
marker = "python_version < \"3.8\""
name = "importlib-metadata"
optional = false
python-versions = ">=2.7,!=3.0,!=3.1,!=3.2,!=3.3"
version = "0.23"

[package.dependencies]
zipp = ">=0.5"

[[package]]
category = "dev"
description = "More routines for operating on iterables, beyond itertools"
marker = "python_version < \"3.8\" or python_version > \"2.7\""
name = "more-itertools"
optional = false
python-versions = ">=3.4"
version = "7.2.0"

[[package]]
category = "dev"
description = "Core utilities for Python packages"
name = "packaging"
optional = false
python-versions = ">=2.7, !=3.0.*, !=3.1.*, !=3.2.*, !=3.3.*"
version = "19.2"

[package.dependencies]
pyparsing = ">=2.0.2"
six = "*"

[[package]]
category = "dev"
description = "plugin and hook calling mechanisms for python"
name = "pluggy"
optional = false
python-versions = ">=2.7, !=3.0.*, !=3.1.*, !=3.2.*, !=3.3.*"
version = "0.13.0"

[package.dependencies]
[package.dependencies.importlib-metadata]
python = "<3.8"
version = ">=0.12"

[[package]]
category = "dev"
description = "library with cross-python path, ini-parsing, io, code, log facilities"
name = "py"
optional = false
python-versions = ">=2.7, !=3.0.*, !=3.1.*, !=3.2.*, !=3.3.*"
version = "1.8.0"

[[package]]
category = "dev"
description = "Python parsing module"
name = "pyparsing"
optional = false
python-versions = ">=2.6, !=3.0.*, !=3.1.*, !=3.2.*"
version = "2.4.5"

[[package]]
category = "dev"
description = "pytest: simple powerful testing with Python"
name = "pytest"
optional = false
python-versions = "!=3.0.*,!=3.1.*,!=3.2.*,!=3.3.*,>=2.7"
version = "4.6.6"

[package.dependencies]
atomicwrites = ">=1.0"
attrs = ">=17.4.0"
colorama = "*"
packaging = "*"
pluggy = ">=0.12,<1.0"
py = ">=1.5.0"
six = ">=1.10.0"
wcwidth = "*"

[package.dependencies.importlib-metadata]
python = "<3.8"
version = ">=0.12"

[package.dependencies.more-itertools]
python = ">=2.8"
version = ">=4.0.0"

[[package]]
category = "dev"
description = "Pytest support for asyncio."
name = "pytest-asyncio"
optional = false
python-versions = ">= 3.5"
version = "0.10.0"

[package.dependencies]
pytest = ">=3.0.6"

[[package]]
category = "dev"
description = "Python 2 and 3 compatibility utilities"
name = "six"
optional = false
python-versions = ">=2.6, !=3.0.*, !=3.1.*"
version = "1.13.0"

[[package]]
category = "dev"
description = "Measures number of Terminal column cells of wide-character codes"
name = "wcwidth"
optional = false
python-versions = "*"
version = "0.1.7"

[[package]]
category = "dev"
description = "Backport of pathlib-compatible object wrapper for zip files"
marker = "python_version < \"3.8\""
name = "zipp"
optional = false
python-versions = ">=2.7"
version = "0.6.0"

[package.dependencies]
more-itertools = "*"

[metadata]
content-hash = "3b6fd240e9ea1ba4fe6671b1181493f2c30537baa2de846664e14e68d0b4ce4c"
python-versions = "^3.7"

[metadata.hashes]
aioredis = ["71302cebeb7add86f1fe660b469068760ca4364504e75ee83dd6f6b7118bfe28", "86da2748fb0652625a8346f413167f078ec72bdc76e217db7e605a059cd56e86"]
async-timeout = ["0c3c816a028d47f659d6ff5c745cb2acf1f966da1fe5c19c77a70282b25f4c5f", "4291ca197d287d274d0b6cb5d6f8f8f82d434ed288f962539ff18cc9012f9ea3"]
asynctest = ["5da6118a7e6d6b54d83a8f7197769d046922a44d2a99c21382f0a6e4fadae676", "c27862842d15d83e6a34eb0b2866c323880eb3a75e4485b079ea11748fd77fac"]
atomicwrites = ["03472c30eb2c5d1ba9227e4c2ca66ab8287fbfbbda3888aa93dc2e28fc6811b4", "75a9445bac02d8d058d5e1fe689654ba5a6556a1dfd8ce6ec55a0ed79866cfa6"]
attrs = ["08a96c641c3a74e44eb59afb61a24f2cb9f4d7188748e76ba4bb5edfa3cb7d1c", "f7b7ce16570fe9965acd6d30101a28f62fb4a7f9e926b3bbc9b61f8b04247e72"]
colorama = ["05eed71e2e327246ad6b38c540c4a3117230b19679b875190486ddd2d721422d", "f8ac84de7840f5b9c4e3347b3c1eaa50f7e49c2b07596221daec5edaabbd7c48"]
hiredis = ["01b577f84c20ecc9c07fc4c184231b08e3c3942de096fa99978e053de231c423", "01ff0900134166961c9e339df77c33b72f7edc5cb41739f0babcd9faa345926e", "03ed34a13316d0c34213c4fd46e0fa3a5299073f4d4f08e93fed8c2108b399b3", "040436e91df5143aff9e0debb49530d0b17a6bd52200ce568621c31ef581b10d", "091eb38fbf968d1c5b703e412bbbd25f43a7967d8400842cee33a5a07b33c27b", "102f9b9dc6ed57feb3a7c9bdf7e71cb7c278fe8df1edfcfe896bc3e0c2be9447", "2b4b392c7e3082860c8371fab3ae762139090f9115819e12d9f56060f9ede05d", "2c9cc0b986397b833073f466e6b9e9c70d1d4dc2c2c1b3e9cae3a23102ff296c", "2fa65a9df683bca72073cd77709ddeb289ea2b114d3775d225fbbcc5faf808c5", "38437a681f17c975fd22349e72c29bc643f8e7eb2d6dc5df419eac59afa4d7ce", "3b3428fa3cf1ee178807b52c9bee8950ab94cd4eaa9bfae8c1bbae3c49501d34", "3dd8c2fae7f5494978facb0e93297dd627b1a3f536f3b070cf0a7d9157a07dcb", "4414a96c212e732723b5c3d7c04d386ebbb2ec359e1de646322cbc3f875cbd0d", "48c627581ad4ef60adbac980981407939acf13a0e18f093502c7b542223c4f19", "4a60e71625a2d78d8ab84dfb2fa2cfd9458c964b6e6c04fea76d9ade153fb371", "585ace09f434e43d8a8dbeb366865b1a044d7c06319b3c7372a0a00e63b860f4", "74b364b3f06c9cf0a53f7df611045bc9437ed972a283fa1f0b12537236d23ddc", "75c65c3850e89e9daa68d1b9bedd5806f177d60aa5a7b0953b4829481cfc1f72", "7f052de8bf744730a9120dbdc67bfeb7605a01f69fb8e7ba5c475af33c24e145", "8113a7d5e87ecf57cd4ae263cc9e429adb9a3e59f5a7768da5d3312a8d0a051a", "84857ce239eb8ed191ac78e77ff65d52902f00f30f4ee83bf80eb71da73b70e6", "8644a48ddc4a40b3e3a6b9443f396c2ee353afb2d45656c4fc68d04a82e8e3f7", "936aa565e673536e8a211e43ec43197406f24cd1f290138bd143765079c8ba00", "9afeb88c67bbc663b9f27385c496da056d06ad87f55df6e393e1516cfecb0461", "9d62cc7880110e4f83b0a51d218f465d3095e2751fbddd34e553dbd106a929ff", "a1fadd062fc8d647ff39220c57ea2b48c99bb73f18223828ec97f88fc27e7898", "a7754a783b1e5d6f627c19d099b178059c62f782ab62b4d8ba165b9fbc2ee34c", "aa59dd63bb3f736de4fc2d080114429d5d369dfb3265f771778e8349d67a97a4", "ae2ee0992f8de249715435942137843a93db204dd7db1e7cc9bdc5a8436443e8", "b36842d7cf32929d568f37ec5b3173b72b2ec6572dec4d6be6ce774762215aee", "bcbf9379c553b5facc6c04c1e5569b44b38ff16bcbf354676287698d61ee0c92", "cbccbda6f1c62ab460449d9c85fdf24d0d32a6bf45176581151e53cc26a5d910", "d0caf98dfb8af395d6732bd16561c0a2458851bea522e39f12f04802dbf6f502", "d6456afeddba036def1a36d8a2758eca53202308d83db20ab5d0b66590919627", "dbaef9a21a4f10bc281684ee4124f169e62bb533c2a92b55f8c06f64f9af7b8f", "dce84916c09aaece006272b37234ae84a8ed13abb3a4d341a23933b8701abfb5", "eb8c9c8b9869539d58d60ff4a28373a22514d40495911451343971cb4835b7a9", "efc98b14ee3a8595e40b1425e8d42f5fd26f11a7b215a81ef9259068931754f4", "fa2dc05b87d97acc1c6ae63f3e0f39eae5246565232484b08db6bf2dc1580678", "fe7d6ce9f6a5fbe24f09d95ea93e9c7271abc4e1565da511e1449b107b4d7848"]
importlib-metadata = ["aa18d7378b00b40847790e7c27e11673d7fed219354109d0e7b9e5b25dc3ad26", "d5f18a79777f3aa179c145737780282e27b508fc8fd688cb17c7a813e8bd39af"]
more-itertools = ["409cd48d4db7052af495b09dec721011634af3753ae1ef92d2b32f73a745f832", "92b8c4b06dac4f0611c0729b2f2ede52b2e1bac1ab48f089c7ddc12e26bb60c4"]
packaging = ["28b924174df7a2fa32c1953825ff29c61e2f5e082343165438812f00d3a7fc47", "d9551545c6d761f3def1677baf08ab2a3ca17c56879e70fecba2fc4dde4ed108"]
pluggy = ["0db4b7601aae1d35b4a033282da476845aa19185c1e6964b25cf324b5e4ec3e6", "fa5fa1622fa6dd5c030e9cad086fa19ef6a0cf6d7a2d12318e10cb49d6d68f34"]
py = ["64f65755aee5b381cea27766a3a147c3f15b9b6b9ac88676de66ba2ae36793fa", "dc639b046a6e2cff5bbe40194ad65936d6ba360b52b3c3fe1d08a82dd50b5e53"]
pyparsing = ["20f995ecd72f2a1f4bf6b072b63b22e2eb457836601e76d6e5dfcd75436acc1f", "4ca62001be367f01bd3e92ecbb79070272a9d4964dce6a48a82ff0b8bc7e683a"]
pytest = ["5d0d20a9a66e39b5845ab14f8989f3463a7aa973700e6cdf02db69da9821e738", "692d9351353ef709c1126266579edd4fd469dcf6b5f4f583050f72161d6f3592"]
pytest-asyncio = ["9fac5100fd716cbecf6ef89233e8590a4ad61d729d1732e0a96b84182df1daaf", "d734718e25cfc32d2bf78d346e99d33724deeba774cc4afdf491530c6184b63b"]
six = ["1f1b7d42e254082a9db6279deae68afb421ceba6158efa6131de7b3003ee93fd", "30f610279e8b2578cab6db20741130331735c781b56053c59c4076da27f06b66"]
wcwidth = ["3df37372226d6e63e1b1e1eda15c594bca98a22d33a23832a90998faa96bc65e", "f4ebe71925af7b40a864553f761ed559b43544f8f71746c2d756c7fe788ade7c"]
zipp = ["3718b1cbcd963c7d4c5511a8240812904164b7f381b647143a89d3b98f9bcd8e", "f06903e9f1f43b12d371004b4ac7b06ab39a44adc747266928ae6debfa7b3335"]
